# THIS IS AN AUTOGENERATED FILE. DO NOT EDIT THIS FILE DIRECTLY.
# yarn lockfile v1


"@types/json-schema@^7.0.9":
  version "7.0.11"
  resolved "https://registry.yarnpkg.com/@types/json-schema/-/json-schema-7.0.11.tgz#d421b6c527a3037f7c84433fd2c4229e016863d3"
  integrity sha512-wOuvG1SN4Us4rez+tylwwwCV1psiNVOkJeM3AUWUNWg/jDQY2+HE/444y5gc+jBmRqASOm2Oeh5c1axHobwRKQ==

"@types/node@^17.0.23":
  version "17.0.23"
  resolved "https://registry.yarnpkg.com/@types/node/-/node-17.0.23.tgz#3b41a6e643589ac6442bdbd7a4a3ded62f33f7da"
  integrity sha512-UxDxWn7dl97rKVeVS61vErvw086aCYhDLyvRQZ5Rk65rZKepaFdm53GeqXaKBuOhED4e9uWq34IC3TdSdJJ2Gw==

code-error-fragment@0.0.230:
  version "0.0.230"
  resolved "https://registry.yarnpkg.com/code-error-fragment/-/code-error-fragment-0.0.230.tgz#d736d75c832445342eca1d1fedbf17d9618b14d7"
  integrity sha512-cadkfKp6932H8UkhzE/gcUqhRMNf8jHzkAN7+5Myabswaghu4xABTgPHDCjW+dBAJxj/SpkTYokpzDqY4pCzQw==

core-types-graphql@^1.4.0:
  version "1.4.0"
  resolved "https://registry.yarnpkg.com/core-types-graphql/-/core-types-graphql-1.4.0.tgz#5b40da8c4ed2dcbebe4356e6e2930359027f6fc4"
  integrity sha512-jRqCHdrZ7fGOdM41QyGGTsNxGIgozYkNrjNPRUWdr2MsnOjM+rz7wwugpkAj5MHoN6PwvSsJh1svvWq725YlPA==
  dependencies:
    core-types "^1.10.0"
    graphql "^15.5.0"

core-types-json-schema@^1.6.2:
  version "1.6.2"
  resolved "https://registry.yarnpkg.com/core-types-json-schema/-/core-types-json-schema-1.6.2.tgz#99eb64f9cae0c29486b7c98fcaaa826413bad588"
  integrity sha512-KIvY2s+Fk40RqIgbKpqPIYpVtfsg+wq5J/fQC8xVM+UiTYT6pw3FozBemtUCeHiSE+NKTkv7QJQe/CyT+kaRPg==
  dependencies:
    "@types/json-schema" "^7.0.9"
    core-types "^1.10.0"
    jsonpos "^1.1.0"
    openapi-json-schema "^1.1.3"

core-types-ts@^1.5.0:
  version "1.5.0"
  resolved "https://registry.yarnpkg.com/core-types-ts/-/core-types-ts-1.5.0.tgz#4675c5990a571ddfc6e2a69a69f09b2fb16f865e"
  integrity sha512-iJK7Kq8bwoThZNITtyOSz5diWb+H6FJRxyk5Yai+iY8ef5XpTNUs7uRsR8U/jrlVN0WulgeDEbUzUeUhGj02FQ==
  dependencies:
    core-types "^1.10.0"
    typescript "^4.4.3"

core-types@^1.10.0:
  version "1.10.0"
  resolved "https://registry.yarnpkg.com/core-types/-/core-types-1.10.0.tgz#7068f3156038d46bec548c633df01d60097683ac"
  integrity sha512-91LuHgHamiRKTbMx40z6tFmLz2wCI4tw433y8rraREXOs812S1tLSZ1PtD0BO6TZJXjtiIQZudZBv+h/B/wIRA==

grapheme-splitter@^1.0.4:
  version "1.0.4"
  resolved "https://registry.yarnpkg.com/grapheme-splitter/-/grapheme-splitter-1.0.4.tgz#9cf3a665c6247479896834af35cf1dbb4400767e"
  integrity sha512-bzh50DW9kTPM00T8y4o8vQg89Di9oLJVLW/KaOGIXJWP/iqCN6WKYkbNOF04vFLJhwcpYUh9ydh/+5vpOqV4YQ==

graphql@^15.5.0:
  version "15.8.0"
  resolved "https://registry.yarnpkg.com/graphql/-/graphql-15.8.0.tgz#33410e96b012fa3bdb1091cc99a94769db212b38"
  integrity sha512-5gghUc24tP9HRznNpV2+FIoq3xKkj5dTQqf4v0CpdPbFVwFkWoxOM+o+2OC9ZSvjEMTjfmG9QT+gcvggTwW1zw==

json-to-ast@^2.1.0:
  version "2.1.0"
  resolved "https://registry.yarnpkg.com/json-to-ast/-/json-to-ast-2.1.0.tgz#041a9fcd03c0845036acb670d29f425cea4faaf9"
  integrity sha512-W9Lq347r8tA1DfMvAGn9QNcgYm4Wm7Yc+k8e6vezpMnRT+NHbtlxgNBXRVjXe9YM6eTn6+p/MKOlV/aABJcSnQ==
  dependencies:
    code-error-fragment "0.0.230"
    grapheme-splitter "^1.0.4"

jsonpos@^1.1.0:
  version "1.1.0"
  resolved "https://registry.yarnpkg.com/jsonpos/-/jsonpos-1.1.0.tgz#aeb893d1fd0c10d0f02a06becfe31efcf9318caa"
  integrity sha512-PPc+ycWz7o2VirgUIH7oVdljOMnhx3haaJnOCrXWBCVFPeS/Z4ojH0JqEJM0XRx/CR9QujKlAXQU3z5a5xp2jg==
  dependencies:
    json-to-ast "^2.1.0"

openapi-json-schema@^1.1.3:
  version "1.1.3"
  resolved "https://registry.yarnpkg.com/openapi-json-schema/-/openapi-json-schema-1.1.3.tgz#e422d1643a0489bc6b9f5009341b0676014db707"
  integrity sha512-7Nmg/XvXdD3pr8gdMwphucmpwB6GVrWzVj8k6B9Bg0Jo1rqthZ34v9xib/0nXraHDTAfeqBvr7wV3q2dJBKvLw==

typescript@^4.4.3:
  version "4.6.3"
  resolved "https://registry.yarnpkg.com/typescript/-/typescript-4.6.3.tgz#eefeafa6afdd31d725584c67a0eaba80f6fc6c6c"
  integrity sha512-yNIatDa5iaofVozS/uQJEl3JRWLKKGJKh6Yaiv0GLGSuhpFJe7P3SbHZ8/yjAHRQwKRoA6YZqlfjXWmVzoVSMw==

typescript@^4.7.0-dev.20220330:
  version "4.7.0-dev.20220330"
  resolved "https://registry.yarnpkg.com/typescript/-/typescript-4.7.0-dev.20220330.tgz#82668541ea19b9723169add13f5b08368c33246a"
  integrity sha512-TNmxNhJa67ejR+va5t7dg0Qj/oWOtyqsA2K5IPrY/bavenA4gXNRPzJE/I9y/1lzTdLe0hl2CyREjSbeGBzKpQ==
